version = 1
revision = 3
requires-python = ">=3.11"

[[package]]
name = "markdown"
version = "3.9"
source = { registry = "https://pypi.org/simple" }
sdist = { url = "https://files.pythonhosted.org/packages/8d/37/02347f6d6d8279247a5837082ebc26fc0d5aaeaf75aa013fcbb433c777ab/markdown-3.9.tar.gz", hash = "sha256:d2900fe1782bd33bdbbd56859defef70c2e78fc46668f8eb9df3128138f2cb6a", size = 364585, upload-time = "2025-09-04T20:25:22.885Z" }
wheels = [
    { url = "https://files.pythonhosted.org/packages/70/ae/44c4a6a4cbb496d93c6257954260fe3a6e91b7bed2240e5dad2a717f5111/markdown-3.9-py3-none-any.whl", hash = "sha256:9f4d91ed810864ea88a6f32c07ba8bee1346c0cc1f6b1f9f6c822f2a9667d280", size = 107441, upload-time = "2025-09-04T20:25:21.784Z" },
]

[[package]]
name = "pdf-processor"
version = "0.1.0"
source = { editable = "." }
dependencies = [
    { name = "markdown" },
    { name = "pypdf" },
]

[package.metadata]
requires-dist = [
    { name = "markdown", specifier = ">=3.9" },
    { name = "pypdf", specifier = ">=6.1.2" },
]

[[package]]
name = "pypdf"
version = "6.1.2"
source = { registry = "https://pypi.org/simple" }
sdist = { url = "https://files.pythonhosted.org/packages/ee/5e/44d36a8d42687076af98e415b02c1f1c99dcaa794212e01a3f50cd289e38/pypdf-6.1.2.tar.gz", hash = "sha256:ba49efa39c9c5d14cb84efc4b7be75fca92d7ed1d1d74546db95c2dad99ed5d3", size = 5075141, upload-time = "2025-10-19T13:45:47.266Z" }
wheels = [
    { url = "https://files.pythonhosted.org/packages/96/24/f980af86d5ebda03f7ceb7d234f060c64b2cd0f58c3a42949e15fc04e805/pypdf-6.1.2-py3-none-any.whl", hash = "sha256:207e465ee4ad078ad7c7384ea8c46bdbe9081f0081427f00d816a5ca6ccb2b1e", size = 323569, upload-time = "2025-10-19T13:45:45.275Z" },
]
